{
  "pins" : [
    {
      "identity" : "santanderwrappers",
      "kind" : "remoteSourceControl",
      "location" : "https://github.com/SerenaKit/SantanderWrappers",
      "state" : {
        "branch" : "main",
        "revision" : "9f8a6e71c2c8644a2e804b7ef96c15f1d3e5ffa1"
      }
    }
  ],
  "version" : 2
}
