{
  "pins" : [
    {
      "identity" : "santanderwrappers",
      "kind" : "remoteSourceControl",
      "location" : "https://github.com/SerenaKit/SantanderWrappers",
      "state" : {
        "branch" : "main",
        "revision" : "f083efa94e1183d3943272346a5ad815fc142a8c"
      }
    }
  ],
  "version" : 2
}
